
Microsoft Visual Studio Solution File, Format Version 12.00
# Visual Studio 14
VisualStudioVersion = 14.0.22609.0
MinimumVisualStudioVersion = 10.0.40219.1
Project("{2150E333-8FDC-42A3-9474-1A3956D46DE8}") = "0 - Presentation", "0 - Presentation", "{2FE6517D-DB1A-48E8-85A2-CD4ED113EA56}"
EndProject
Project("{2150E333-8FDC-42A3-9474-1A3956D46DE8}") = "1 - Services", "1 - Services", "{6FDDB57B-15CE-4C05-B511-799EB307F590}"
EndProject
Project("{2150E333-8FDC-42A3-9474-1A3956D46DE8}") = "2 - Application", "2 - Application", "{77DA81C4-ABCD-4434-ABC9-3FABFF6AE888}"
EndProject
Project("{2150E333-8FDC-42A3-9474-1A3956D46DE8}") = "3 - Domain", "3 - Domain", "{ADDCCE2A-BD7D-450D-80B7-B34A9F664FEB}"
EndProject
Project("{2150E333-8FDC-42A3-9474-1A3956D46DE8}") = "4 - Infra", "4 - Infra", "{A5AFCC77-4F49-433A-95C9-63B26BBFA05E}"
EndProject
Project("{FAE04EC0-301F-11D3-BF4B-00C04F79EFBC}") = "Simds.Domain", "app\Simds.Domain\Simds.Domain.csproj", "{705039CD-EA43-4568-B9E4-0853119A42F0}"
EndProject
Project("{2150E333-8FDC-42A3-9474-1A3956D46DE8}") = "4.1 - Data", "4.1 - Data", "{1ADFE6E9-A7C2-4DC8-99F0-95056B916C0B}"
EndProject
Project("{FAE04EC0-301F-11D3-BF4B-00C04F79EFBC}") = "Simds.Infra.Data", "app\Simds.Infra.Data\Simds.Infra.Data.csproj", "{FDCC47BD-09C5-4F08-8084-4A9179228721}"
EndProject
Project("{FAE04EC0-301F-11D3-BF4B-00C04F79EFBC}") = "Simds.Mvc", "app\Simds.Mvc\Simds.Mvc.csproj", "{D770AA53-D550-48D0-901B-D2EF6BE1E762}"
EndProject
Project("{FAE04EC0-301F-11D3-BF4B-00C04F79EFBC}") = "Simds.Application", "app\Simds.Application\Simds.Application.csproj", "{C546C7B3-7096-4393-80E0-6905FF07DB62}"
EndProject
Global
	GlobalSection(SolutionConfigurationPlatforms) = preSolution
		Debug|Any CPU = Debug|Any CPU
		Release|Any CPU = Release|Any CPU
	EndGlobalSection
	GlobalSection(ProjectConfigurationPlatforms) = postSolution
		{705039CD-EA43-4568-B9E4-0853119A42F0}.Debug|Any CPU.ActiveCfg = Debug|Any CPU
		{705039CD-EA43-4568-B9E4-0853119A42F0}.Debug|Any CPU.Build.0 = Debug|Any CPU
		{705039CD-EA43-4568-B9E4-0853119A42F0}.Release|Any CPU.ActiveCfg = Release|Any CPU
		{705039CD-EA43-4568-B9E4-0853119A42F0}.Release|Any CPU.Build.0 = Release|Any CPU
		{FDCC47BD-09C5-4F08-8084-4A9179228721}.Debug|Any CPU.ActiveCfg = Debug|Any CPU
		{FDCC47BD-09C5-4F08-8084-4A9179228721}.Debug|Any CPU.Build.0 = Debug|Any CPU
		{FDCC47BD-09C5-4F08-8084-4A9179228721}.Release|Any CPU.ActiveCfg = Release|Any CPU
		{FDCC47BD-09C5-4F08-8084-4A9179228721}.Release|Any CPU.Build.0 = Release|Any CPU
		{D770AA53-D550-48D0-901B-D2EF6BE1E762}.Debug|Any CPU.ActiveCfg = Debug|Any CPU
		{D770AA53-D550-48D0-901B-D2EF6BE1E762}.Debug|Any CPU.Build.0 = Debug|Any CPU
		{D770AA53-D550-48D0-901B-D2EF6BE1E762}.Release|Any CPU.ActiveCfg = Release|Any CPU
		{D770AA53-D550-48D0-901B-D2EF6BE1E762}.Release|Any CPU.Build.0 = Release|Any CPU
		{C546C7B3-7096-4393-80E0-6905FF07DB62}.Debug|Any CPU.ActiveCfg = Debug|Any CPU
		{C546C7B3-7096-4393-80E0-6905FF07DB62}.Debug|Any CPU.Build.0 = Debug|Any CPU
		{C546C7B3-7096-4393-80E0-6905FF07DB62}.Release|Any CPU.ActiveCfg = Release|Any CPU
		{C546C7B3-7096-4393-80E0-6905FF07DB62}.Release|Any CPU.Build.0 = Release|Any CPU
	EndGlobalSection
	GlobalSection(SolutionProperties) = preSolution
		HideSolutionNode = FALSE
	EndGlobalSection
	GlobalSection(NestedProjects) = preSolution
		{705039CD-EA43-4568-B9E4-0853119A42F0} = {ADDCCE2A-BD7D-450D-80B7-B34A9F664FEB}
		{1ADFE6E9-A7C2-4DC8-99F0-95056B916C0B} = {A5AFCC77-4F49-433A-95C9-63B26BBFA05E}
		{FDCC47BD-09C5-4F08-8084-4A9179228721} = {1ADFE6E9-A7C2-4DC8-99F0-95056B916C0B}
		{D770AA53-D550-48D0-901B-D2EF6BE1E762} = {2FE6517D-DB1A-48E8-85A2-CD4ED113EA56}
		{C546C7B3-7096-4393-80E0-6905FF07DB62} = {77DA81C4-ABCD-4434-ABC9-3FABFF6AE888}
	EndGlobalSection
EndGlobal
